
Microsoft Visual Studio Solution File, Format Version 12.00
# Visual Studio Version 17
VisualStudioVersion = 17.5.33530.505
MinimumVisualStudioVersion = 10.0.40219.1
Project("{FAE04EC0-301F-11D3-BF4B-00C04F79EFBC}") = "Dashboard", "Dashboard\Dashboard.csproj", "{04D740C9-E4BD-477A-B793-448375C559FB}"
EndProject
Global
	GlobalSection(SolutionConfigurationPlatforms) = preSolution
		Debug|Any CPU = Debug|Any CPU
		Release|Any CPU = Release|Any CPU
	EndGlobalSection
	GlobalSection(ProjectConfigurationPlatforms) = postSolution
		{04D740C9-E4BD-477A-B793-448375C559FB}.Debug|Any CPU.ActiveCfg = Debug|Any CPU
		{04D740C9-E4BD-477A-B793-448375C559FB}.Debug|Any CPU.Build.0 = Debug|Any CPU
		{04D740C9-E4BD-477A-B793-448375C559FB}.Release|Any CPU.ActiveCfg = Release|Any CPU
		{04D740C9-E4BD-477A-B793-448375C559FB}.Release|Any CPU.Build.0 = Release|Any CPU
	EndGlobalSection
	GlobalSection(SolutionProperties) = preSolution
		HideSolutionNode = FALSE
	EndGlobalSection
	GlobalSection(ExtensibilityGlobals) = postSolution
		SolutionGuid = {AB3BE257-C4EB-495E-987A-7D1A56A7ED09}
	EndGlobalSection
EndGlobal
